// !$*UTF8*$!
{
	archiveVersion = 1;
	classes = {
	};
	objectVersion = 50;
	objects = {

/* Begin PBXBuildFile section */
		EE81751A237C5B9500B916D8 /* MapView.swift in Sources */ = {isa = PBXBuildFile; fileRef = EE817519237C5B9500B916D8 /* MapView.swift */; };
		EE817589237D779300B916D8 /* LandmarkRow.swift in Sources */ = {isa = PBXBuildFile; fileRef = EE817588237D779300B916D8 /* LandmarkRow.swift */; };
		EE81758B237D794000B916D8 /* LandmarkList.swift in Sources */ = {isa = PBXBuildFile; fileRef = EE81758A237D794000B916D8 /* LandmarkList.swift */; };
		EE81759E237FF99600B916D8 /* charleyrivers.jpg in Resources */ = {isa = PBXBuildFile; fileRef = EE817591237FF99600B916D8 /* charleyrivers.jpg */; };
		EE81759F237FF99600B916D8 /* turtlerock.jpg in Resources */ = {isa = PBXBuildFile; fileRef = EE817592237FF99600B916D8 /* turtlerock.jpg */; };
		EE8175A0237FF99600B916D8 /* silversalmoncreek.jpg in Resources */ = {isa = PBXBuildFile; fileRef = EE817593237FF99600B916D8 /* silversalmoncreek.jpg */; };
		EE8175A1237FF99600B916D8 /* icybay.jpg in Resources */ = {isa = PBXBuildFile; fileRef = EE817594237FF99600B916D8 /* icybay.jpg */; };
		EE8175A2237FF99600B916D8 /* lakemcdonald.jpg in Resources */ = {isa = PBXBuildFile; fileRef = EE817595237FF99600B916D8 /* lakemcdonald.jpg */; };
		EE8175A3237FF99600B916D8 /* hiddenlake.jpg in Resources */ = {isa = PBXBuildFile; fileRef = EE817596237FF99600B916D8 /* hiddenlake.jpg */; };
		EE8175A4237FF99600B916D8 /* twinlake.jpg in Resources */ = {isa = PBXBuildFile; fileRef = EE817597237FF99600B916D8 /* twinlake.jpg */; };
		EE8175A5237FF99600B916D8 /* umbagog.jpg in Resources */ = {isa = PBXBuildFile; fileRef = EE817598237FF99600B916D8 /* umbagog.jpg */; };
		EE8175A6237FF99600B916D8 /* landmarkData.json in Resources */ = {isa = PBXBuildFile; fileRef = EE817599237FF99600B916D8 /* landmarkData.json */; };
		EE8175A7237FF99600B916D8 /* chincoteague.jpg in Resources */ = {isa = PBXBuildFile; fileRef = EE81759A237FF99600B916D8 /* chincoteague.jpg */; };
		EE8175A8237FF99600B916D8 /* stmarylake.jpg in Resources */ = {isa = PBXBuildFile; fileRef = EE81759B237FF99600B916D8 /* stmarylake.jpg */; };
		EE8175A9237FF99600B916D8 /* chilkoottrail.jpg in Resources */ = {isa = PBXBuildFile; fileRef = EE81759C237FF99600B916D8 /* chilkoottrail.jpg */; };
		EE8175AA237FF99600B916D8 /* rainbowlake.jpg in Resources */ = {isa = PBXBuildFile; fileRef = EE81759D237FF99600B916D8 /* rainbowlake.jpg */; };
		EE8175AE237FFDC100B916D8 /* Data.swift in Sources */ = {isa = PBXBuildFile; fileRef = EE8175AC237FFDC000B916D8 /* Data.swift */; };
		EE8175AF237FFDC100B916D8 /* Landmark.swift in Sources */ = {isa = PBXBuildFile; fileRef = EE8175AD237FFDC000B916D8 /* Landmark.swift */; };
		EEA6DE92237869D400C06B15 /* AppDelegate.swift in Sources */ = {isa = PBXBuildFile; fileRef = EEA6DE91237869D400C06B15 /* AppDelegate.swift */; };
		EEA6DE94237869D400C06B15 /* SceneDelegate.swift in Sources */ = {isa = PBXBuildFile; fileRef = EEA6DE93237869D400C06B15 /* SceneDelegate.swift */; };
		EEA6DE96237869D400C06B15 /* LandmarkDetail.swift in Sources */ = {isa = PBXBuildFile; fileRef = EEA6DE95237869D400C06B15 /* LandmarkDetail.swift */; };
		EEA6DE98237869D600C06B15 /* Assets.xcassets in Resources */ = {isa = PBXBuildFile; fileRef = EEA6DE97237869D600C06B15 /* Assets.xcassets */; };
		EEA6DE9B237869D600C06B15 /* Preview Assets.xcassets in Resources */ = {isa = PBXBuildFile; fileRef = EEA6DE9A237869D600C06B15 /* Preview Assets.xcassets */; };
		EEA6DE9E237869D600C06B15 /* LaunchScreen.storyboard in Resources */ = {isa = PBXBuildFile; fileRef = EEA6DE9C237869D600C06B15 /* LaunchScreen.storyboard */; };
		EEE5497E237A972400BE3BF9 /* CircleImage.swift in Sources */ = {isa = PBXBuildFile; fileRef = EEE5497D237A972400BE3BF9 /* CircleImage.swift */; };
/* End PBXBuildFile section */

/* Begin PBXFileReference section */
		EE817519237C5B9500B916D8 /* MapView.swift */ = {isa = PBXFileReference; lastKnownFileType = sourcecode.swift; path = MapView.swift; sourceTree = "<group>"; };
		EE817588237D779300B916D8 /* LandmarkRow.swift */ = {isa = PBXFileReference; lastKnownFileType = sourcecode.swift; path = LandmarkRow.swift; sourceTree = "<group>"; };
		EE81758A237D794000B916D8 /* LandmarkList.swift */ = {isa = PBXFileReference; lastKnownFileType = sourcecode.swift; path = LandmarkList.swift; sourceTree = "<group>"; };
		EE817591237FF99600B916D8 /* charleyrivers.jpg */ = {isa = PBXFileReference; lastKnownFileType = image.jpeg; path = charleyrivers.jpg; sourceTree = "<group>"; };
		EE817592237FF99600B916D8 /* turtlerock.jpg */ = {isa = PBXFileReference; lastKnownFileType = image.jpeg; path = turtlerock.jpg; sourceTree = "<group>"; };
		EE817593237FF99600B916D8 /* silversalmoncreek.jpg */ = {isa = PBXFileReference; lastKnownFileType = image.jpeg; path = silversalmoncreek.jpg; sourceTree = "<group>"; };
		EE817594237FF99600B916D8 /* icybay.jpg */ = {isa = PBXFileReference; lastKnownFileType = image.jpeg; path = icybay.jpg; sourceTree = "<group>"; };
		EE817595237FF99600B916D8 /* lakemcdonald.jpg */ = {isa = PBXFileReference; lastKnownFileType = image.jpeg; path = lakemcdonald.jpg; sourceTree = "<group>"; };
		EE817596237FF99600B916D8 /* hiddenlake.jpg */ = {isa = PBXFileReference; lastKnownFileType = image.jpeg; path = hiddenlake.jpg; sourceTree = "<group>"; };
		EE817597237FF99600B916D8 /* twinlake.jpg */ = {isa = PBXFileReference; lastKnownFileType = image.jpeg; path = twinlake.jpg; sourceTree = "<group>"; };
		EE817598237FF99600B916D8 /* umbagog.jpg */ = {isa = PBXFileReference; lastKnownFileType = image.jpeg; path = umbagog.jpg; sourceTree = "<group>"; };
		EE817599237FF99600B916D8 /* landmarkData.json */ = {isa = PBXFileReference; fileEncoding = 4; lastKnownFileType = text.json; path = landmarkData.json; sourceTree = "<group>"; };
		EE81759A237FF99600B916D8 /* chincoteague.jpg */ = {isa = PBXFileReference; lastKnownFileType = image.jpeg; path = chincoteague.jpg; sourceTree = "<group>"; };
		EE81759B237FF99600B916D8 /* stmarylake.jpg */ = {isa = PBXFileReference; lastKnownFileType = image.jpeg; path = stmarylake.jpg; sourceTree = "<group>"; };
		EE81759C237FF99600B916D8 /* chilkoottrail.jpg */ = {isa = PBXFileReference; lastKnownFileType = image.jpeg; path = chilkoottrail.jpg; sourceTree = "<group>"; };
		EE81759D237FF99600B916D8 /* rainbowlake.jpg */ = {isa = PBXFileReference; lastKnownFileType = image.jpeg; path = rainbowlake.jpg; sourceTree = "<group>"; };
		EE8175AC237FFDC000B916D8 /* Data.swift */ = {isa = PBXFileReference; fileEncoding = 4; lastKnownFileType = sourcecode.swift; path = Data.swift; sourceTree = "<group>"; };
		EE8175AD237FFDC000B916D8 /* Landmark.swift */ = {isa = PBXFileReference; fileEncoding = 4; lastKnownFileType = sourcecode.swift; path = Landmark.swift; sourceTree = "<group>"; };
		EEA6DE8E237869D400C06B15 /* Landmarks.app */ = {isa = PBXFileReference; explicitFileType = wrapper.application; includeInIndex = 0; path = Landmarks.app; sourceTree = BUILT_PRODUCTS_DIR; };
		EEA6DE91237869D400C06B15 /* AppDelegate.swift */ = {isa = PBXFileReference; lastKnownFileType = sourcecode.swift; path = AppDelegate.swift; sourceTree = "<group>"; };
		EEA6DE93237869D400C06B15 /* SceneDelegate.swift */ = {isa = PBXFileReference; lastKnownFileType = sourcecode.swift; path = SceneDelegate.swift; sourceTree = "<group>"; };
		EEA6DE95237869D400C06B15 /* LandmarkDetail.swift */ = {isa = PBXFileReference; lastKnownFileType = sourcecode.swift; path = LandmarkDetail.swift; sourceTree = "<group>"; };
		EEA6DE97237869D600C06B15 /* Assets.xcassets */ = {isa = PBXFileReference; lastKnownFileType = folder.assetcatalog; path = Assets.xcassets; sourceTree = "<group>"; };
		EEA6DE9A237869D600C06B15 /* Preview Assets.xcassets */ = {isa = PBXFileReference; lastKnownFileType = folder.assetcatalog; path = "Preview Assets.xcassets"; sourceTree = "<group>"; };
		EEA6DE9D237869D600C06B15 /* Base */ = {isa = PBXFileReference; lastKnownFileType = file.storyboard; name = Base; path = Base.lproj/LaunchScreen.storyboard; sourceTree = "<group>"; };
		EEA6DE9F237869D600C06B15 /* Info.plist */ = {isa = PBXFileReference; lastKnownFileType = text.plist.xml; path = Info.plist; sourceTree = "<group>"; };
		EEE5497D237A972400BE3BF9 /* CircleImage.swift */ = {isa = PBXFileReference; lastKnownFileType = sourcecode.swift; path = CircleImage.swift; sourceTree = "<group>"; };
/* End PBXFileReference section */

/* Begin PBXFrameworksBuildPhase section */
		EEA6DE8B237869D400C06B15 /* Frameworks */ = {
			isa = PBXFrameworksBuildPhase;
			buildActionMask = 2147483647;
			files = (
			);
			runOnlyForDeploymentPostprocessing = 0;
		};
/* End PBXFrameworksBuildPhase section */

/* Begin PBXGroup section */
		EE817590237FF99600B916D8 /* Resources */ = {
			isa = PBXGroup;
			children = (
				EE817591237FF99600B916D8 /* charleyrivers.jpg */,
				EE817592237FF99600B916D8 /* turtlerock.jpg */,
				EE817593237FF99600B916D8 /* silversalmoncreek.jpg */,
				EE817594237FF99600B916D8 /* icybay.jpg */,
				EE817595237FF99600B916D8 /* lakemcdonald.jpg */,
				EE817596237FF99600B916D8 /* hiddenlake.jpg */,
				EE817597237FF99600B916D8 /* twinlake.jpg */,
				EE817598237FF99600B916D8 /* umbagog.jpg */,
				EE817599237FF99600B916D8 /* landmarkData.json */,
				EE81759A237FF99600B916D8 /* chincoteague.jpg */,
				EE81759B237FF99600B916D8 /* stmarylake.jpg */,
				EE81759C237FF99600B916D8 /* chilkoottrail.jpg */,
				EE81759D237FF99600B916D8 /* rainbowlake.jpg */,
			);
			path = Resources;
			sourceTree = "<group>";
		};
		EE8175AB237FFDC000B916D8 /* Models */ = {
			isa = PBXGroup;
			children = (
				EE8175AC237FFDC000B916D8 /* Data.swift */,
				EE8175AD237FFDC000B916D8 /* Landmark.swift */,
			);
			path = Models;
			sourceTree = "<group>";
		};
		EEA6DE85237869D400C06B15 = {
			isa = PBXGroup;
			children = (
				EEA6DE90237869D400C06B15 /* Landmarks */,
				EEA6DE8F237869D400C06B15 /* Products */,
			);
			sourceTree = "<group>";
		};
		EEA6DE8F237869D400C06B15 /* Products */ = {
			isa = PBXGroup;
			children = (
				EEA6DE8E237869D400C06B15 /* Landmarks.app */,
			);
			name = Products;
			sourceTree = "<group>";
		};
		EEA6DE90237869D400C06B15 /* Landmarks */ = {
			isa = PBXGroup;
			children = (
				EE8175AB237FFDC000B916D8 /* Models */,
				EE817590237FF99600B916D8 /* Resources */,
				EEA6DE9F237869D600C06B15 /* Info.plist */,
				EEA6DE91237869D400C06B15 /* AppDelegate.swift */,
				EEE5497D237A972400BE3BF9 /* CircleImage.swift */,
				EEA6DE95237869D400C06B15 /* LandmarkDetail.swift */,
				EE81758A237D794000B916D8 /* LandmarkList.swift */,
				EE817588237D779300B916D8 /* LandmarkRow.swift */,
				EE817519237C5B9500B916D8 /* MapView.swift */,
				EEA6DE93237869D400C06B15 /* SceneDelegate.swift */,
				EEA6DE97237869D600C06B15 /* Assets.xcassets */,
				EEA6DE9C237869D600C06B15 /* LaunchScreen.storyboard */,
				EEA6DE99237869D600C06B15 /* Preview Content */,
			);
			path = Landmarks;
			sourceTree = "<group>";
		};
		EEA6DE99237869D600C06B15 /* Preview Content */ = {
			isa = PBXGroup;
			children = (
				EEA6DE9A237869D600C06B15 /* Preview Assets.xcassets */,
			);
			path = "Preview Content";
			sourceTree = "<group>";
		};
/* End PBXGroup section */

/* Begin PBXNativeTarget section */
		EEA6DE8D237869D400C06B15 /* Landmarks */ = {
			isa = PBXNativeTarget;
			buildConfigurationList = EEA6DEA2237869D600C06B15 /* Build configuration list for PBXNativeTarget "Landmarks" */;
			buildPhases = (
				EEA6DE8A237869D400C06B15 /* Sources */,
				EEA6DE8B237869D400C06B15 /* Frameworks */,
				EEA6DE8C237869D400C06B15 /* Resources */,
			);
			buildRules = (
			);
			dependencies = (
			);
			name = Landmarks;
			productName = Landmarks;
			productReference = EEA6DE8E237869D400C06B15 /* Landmarks.app */;
			productType = "com.apple.product-type.application";
		};
/* End PBXNativeTarget section */

/* Begin PBXProject section */
		EEA6DE86237869D400C06B15 /* Project object */ = {
			isa = PBXProject;
			attributes = {
				LastSwiftUpdateCheck = 1120;
				LastUpgradeCheck = 1120;
				ORGANIZATIONNAME = dino;
				TargetAttributes = {
					EEA6DE8D237869D400C06B15 = {
						CreatedOnToolsVersion = 11.2;
					};
				};
			};
			buildConfigurationList = EEA6DE89237869D400C06B15 /* Build configuration list for PBXProject "Landmarks" */;
			compatibilityVersion = "Xcode 9.3";
			developmentRegion = en;
			hasScannedForEncodings = 0;
			knownRegions = (
				en,
				Base,
			);
			mainGroup = EEA6DE85237869D400C06B15;
			productRefGroup = EEA6DE8F237869D400C06B15 /* Products */;
			projectDirPath = "";
			projectRoot = "";
			targets = (
				EEA6DE8D237869D400C06B15 /* Landmarks */,
			);
		};
/* End PBXProject section */

/* Begin PBXResourcesBuildPhase section */
		EEA6DE8C237869D400C06B15 /* Resources */ = {
			isa = PBXResourcesBuildPhase;
			buildActionMask = 2147483647;
			files = (
				EEA6DE9E237869D600C06B15 /* LaunchScreen.storyboard in Resources */,
				EEA6DE9B237869D600C06B15 /* Preview Assets.xcassets in Resources */,
				EEA6DE98237869D600C06B15 /* Assets.xcassets in Resources */,
				EE8175A0237FF99600B916D8 /* silversalmoncreek.jpg in Resources */,
				EE81759E237FF99600B916D8 /* charleyrivers.jpg in Resources */,
				EE8175A7237FF99600B916D8 /* chincoteague.jpg in Resources */,
				EE8175A8237FF99600B916D8 /* stmarylake.jpg in Resources */,
				EE8175A6237FF99600B916D8 /* landmarkData.json in Resources */,
				EE8175A1237FF99600B916D8 /* icybay.jpg in Resources */,
				EE8175A4237FF99600B916D8 /* twinlake.jpg in Resources */,
				EE8175A2237FF99600B916D8 /* lakemcdonald.jpg in Resources */,
				EE8175A3237FF99600B916D8 /* hiddenlake.jpg in Resources */,
				EE8175A5237FF99600B916D8 /* umbagog.jpg in Resources */,
				EE8175AA237FF99600B916D8 /* rainbowlake.jpg in Resources */,
				EE8175A9237FF99600B916D8 /* chilkoottrail.jpg in Resources */,
				EE81759F237FF99600B916D8 /* turtlerock.jpg in Resources */,
			);
			runOnlyForDeploymentPostprocessing = 0;
		};
/* End PBXResourcesBuildPhase section */

/* Begin PBXSourcesBuildPhase section */
		EEA6DE8A237869D400C06B15 /* Sources */ = {
			isa = PBXSourcesBuildPhase;
			buildActionMask = 2147483647;
			files = (
				EEA6DE92237869D400C06B15 /* AppDelegate.swift in Sources */,
				EEA6DE94237869D400C06B15 /* SceneDelegate.swift in Sources */,
				EE81758B237D794000B916D8 /* LandmarkList.swift in Sources */,
				EE81751A237C5B9500B916D8 /* MapView.swift in Sources */,
				EEE5497E237A972400BE3BF9 /* CircleImage.swift in Sources */,
				EE8175AF237FFDC100B916D8 /* Landmark.swift in Sources */,
				EE817589237D779300B916D8 /* LandmarkRow.swift in Sources */,
				EEA6DE96237869D400C06B15 /* LandmarkDetail.swift in Sources */,
				EE8175AE237FFDC100B916D8 /* Data.swift in Sources */,
			);
			runOnlyForDeploymentPostprocessing = 0;
		};
/* End PBXSourcesBuildPhase section */

/* Begin PBXVariantGroup section */
		EEA6DE9C237869D600C06B15 /* LaunchScreen.storyboard */ = {
			isa = PBXVariantGroup;
			children = (
				EEA6DE9D237869D600C06B15 /* Base */,
			);
			name = LaunchScreen.storyboard;
			sourceTree = "<group>";
		};
/* End PBXVariantGroup section */

/* Begin XCBuildConfiguration section */
		EEA6DEA0237869D600C06B15 /* Debug */ = {
			isa = XCBuildConfiguration;
			buildSettings = {
				ALWAYS_SEARCH_USER_PATHS = NO;
				CLANG_ANALYZER_NONNULL = YES;
				CLANG_ANALYZER_NUMBER_OBJECT_CONVERSION = YES_AGGRESSIVE;
				CLANG_CXX_LANGUAGE_STANDARD = "gnu++14";
				CLANG_CXX_LIBRARY = "libc++";
				CLANG_ENABLE_MODULES = YES;
				CLANG_ENABLE_OBJC_ARC = YES;
				CLANG_ENABLE_OBJC_WEAK = YES;
				CLANG_WARN_BLOCK_CAPTURE_AUTORELEASING = YES;
				CLANG_WARN_BOOL_CONVERSION = YES;
				CLANG_WARN_COMMA = YES;
				CLANG_WARN_CONSTANT_CONVERSION = YES;
				CLANG_WARN_DEPRECATED_OBJC_IMPLEMENTATIONS = YES;
				CLANG_WARN_DIRECT_OBJC_ISA_USAGE = YES_ERROR;
				CLANG_WARN_DOCUMENTATION_COMMENTS = YES;
				CLANG_WARN_EMPTY_BODY = YES;
				CLANG_WARN_ENUM_CONVERSION = YES;
				CLANG_WARN_INFINITE_RECURSION = YES;
				CLANG_WARN_INT_CONVERSION = YES;
				CLANG_WARN_NON_LITERAL_NULL_CONVERSION = YES;
				CLANG_WARN_OBJC_IMPLICIT_RETAIN_SELF = YES;
				CLANG_WARN_OBJC_LITERAL_CONVERSION = YES;
				CLANG_WARN_OBJC_ROOT_CLASS = YES_ERROR;
				CLANG_WARN_RANGE_LOOP_ANALYSIS = YES;
				CLANG_WARN_STRICT_PROTOTYPES = YES;
				CLANG_WARN_SUSPICIOUS_MOVE = YES;
				CLANG_WARN_UNGUARDED_AVAILABILITY = YES_AGGRESSIVE;
				CLANG_WARN_UNREACHABLE_CODE = YES;
				CLANG_WARN__DUPLICATE_METHOD_MATCH = YES;
				COPY_PHASE_STRIP = NO;
				DEBUG_INFORMATION_FORMAT = dwarf;
				ENABLE_STRICT_OBJC_MSGSEND = YES;
				ENABLE_TESTABILITY = YES;
				GCC_C_LANGUAGE_STANDARD = gnu11;
				GCC_DYNAMIC_NO_PIC = NO;
				GCC_NO_COMMON_BLOCKS = YES;
				GCC_OPTIMIZATION_LEVEL = 0;
				GCC_PREPROCESSOR_DEFINITIONS = (
					"DEBUG=1",
					"$(inherited)",
				);
				GCC_WARN_64_TO_32_BIT_CONVERSION = YES;
				GCC_WARN_ABOUT_RETURN_TYPE = YES_ERROR;
				GCC_WARN_UNDECLARED_SELECTOR = YES;
				GCC_WARN_UNINITIALIZED_AUTOS = YES_AGGRESSIVE;
				GCC_WARN_UNUSED_FUNCTION = YES;
				GCC_WARN_UNUSED_VARIABLE = YES;
				IPHONEOS_DEPLOYMENT_TARGET = 13.2;
				MTL_ENABLE_DEBUG_INFO = INCLUDE_SOURCE;
				MTL_FAST_MATH = YES;
				ONLY_ACTIVE_ARCH = YES;
				SDKROOT = iphoneos;
				SWIFT_ACTIVE_COMPILATION_CONDITIONS = DEBUG;
				SWIFT_OPTIMIZATION_LEVEL = "-Onone";
			};
			name = Debug;
		};
		EEA6DEA1237869D600C06B15 /* Release */ = {
			isa = XCBuildConfiguration;
			buildSettings = {
				ALWAYS_SEARCH_USER_PATHS = NO;
				CLANG_ANALYZER_NONNULL = YES;
				CLANG_ANALYZER_NUMBER_OBJECT_CONVERSION = YES_AGGRESSIVE;
				CLANG_CXX_LANGUAGE_STANDARD = "gnu++14";
				CLANG_CXX_LIBRARY = "libc++";
				CLANG_ENABLE_MODULES = YES;
				CLANG_ENABLE_OBJC_ARC = YES;
				CLANG_ENABLE_OBJC_WEAK = YES;
				CLANG_WARN_BLOCK_CAPTURE_AUTORELEASING = YES;
				CLANG_WARN_BOOL_CONVERSION = YES;
				CLANG_WARN_COMMA = YES;
				CLANG_WARN_CONSTANT_CONVERSION = YES;
				CLANG_WARN_DEPRECATED_OBJC_IMPLEMENTATIONS = YES;
				CLANG_WARN_DIRECT_OBJC_ISA_USAGE = YES_ERROR;
				CLANG_WARN_DOCUMENTATION_COMMENTS = YES;
				CLANG_WARN_EMPTY_BODY = YES;
				CLANG_WARN_ENUM_CONVERSION = YES;
				CLANG_WARN_INFINITE_RECURSION = YES;
				CLANG_WARN_INT_CONVERSION = YES;
				CLANG_WARN_NON_LITERAL_NULL_CONVERSION = YES;
				CLANG_WARN_OBJC_IMPLICIT_RETAIN_SELF = YES;
				CLANG_WARN_OBJC_LITERAL_CONVERSION = YES;
				CLANG_WARN_OBJC_ROOT_CLASS = YES_ERROR;
				CLANG_WARN_RANGE_LOOP_ANALYSIS = YES;
				CLANG_WARN_STRICT_PROTOTYPES = YES;
				CLANG_WARN_SUSPICIOUS_MOVE = YES;
				CLANG_WARN_UNGUARDED_AVAILABILITY = YES_AGGRESSIVE;
				CLANG_WARN_UNREACHABLE_CODE = YES;
				CLANG_WARN__DUPLICATE_METHOD_MATCH = YES;
				COPY_PHASE_STRIP = NO;
				DEBUG_INFORMATION_FORMAT = "dwarf-with-dsym";
				ENABLE_NS_ASSERTIONS = NO;
				ENABLE_STRICT_OBJC_MSGSEND = YES;
				GCC_C_LANGUAGE_STANDARD = gnu11;
				GCC_NO_COMMON_BLOCKS = YES;
				GCC_WARN_64_TO_32_BIT_CONVERSION = YES;
				GCC_WARN_ABOUT_RETURN_TYPE = YES_ERROR;
				GCC_WARN_UNDECLARED_SELECTOR = YES;
				GCC_WARN_UNINITIALIZED_AUTOS = YES_AGGRESSIVE;
				GCC_WARN_UNUSED_FUNCTION = YES;
				GCC_WARN_UNUSED_VARIABLE = YES;
				IPHONEOS_DEPLOYMENT_TARGET = 13.2;
				MTL_ENABLE_DEBUG_INFO = NO;
				MTL_FAST_MATH = YES;
				SDKROOT = iphoneos;
				SWIFT_COMPILATION_MODE = wholemodule;
				SWIFT_OPTIMIZATION_LEVEL = "-O";
				VALIDATE_PRODUCT = YES;
			};
			name = Release;
		};
		EEA6DEA3237869D600C06B15 /* Debug */ = {
			isa = XCBuildConfiguration;
			buildSettings = {
				ASSETCATALOG_COMPILER_APPICON_NAME = AppIcon;
				CODE_SIGN_STYLE = Automatic;
				DEVELOPMENT_ASSET_PATHS = "\"Landmarks/Preview Content\"";
				ENABLE_PREVIEWS = YES;
				INFOPLIST_FILE = Landmarks/Info.plist;
				LD_RUNPATH_SEARCH_PATHS = (
					"$(inherited)",
					"@executable_path/Frameworks",
				);
				PRODUCT_BUNDLE_IDENTIFIER = com.dino.Landmarks;
				PRODUCT_NAME = "$(TARGET_NAME)";
				SWIFT_VERSION = 5.0;
				TARGETED_DEVICE_FAMILY = "1,2";
			};
			name = Debug;
		};
		EEA6DEA4237869D600C06B15 /* Release */ = {
			isa = XCBuildConfiguration;
			buildSettings = {
				ASSETCATALOG_COMPILER_APPICON_NAME = AppIcon;
				CODE_SIGN_STYLE = Automatic;
				DEVELOPMENT_ASSET_PATHS = "\"Landmarks/Preview Content\"";
				ENABLE_PREVIEWS = YES;
				INFOPLIST_FILE = Landmarks/Info.plist;
				LD_RUNPATH_SEARCH_PATHS = (
					"$(inherited)",
					"@executable_path/Frameworks",
				);
				PRODUCT_BUNDLE_IDENTIFIER = com.dino.Landmarks;
				PRODUCT_NAME = "$(TARGET_NAME)";
				SWIFT_VERSION = 5.0;
				TARGETED_DEVICE_FAMILY = "1,2";
			};
			name = Release;
		};
/* End XCBuildConfiguration section */

/* Begin XCConfigurationList section */
		EEA6DE89237869D400C06B15 /* Build configuration list for PBXProject "Landmarks" */ = {
			isa = XCConfigurationList;
			buildConfigurations = (
				EEA6DEA0237869D600C06B15 /* Debug */,
				EEA6DEA1237869D600C06B15 /* Release */,
			);
			defaultConfigurationIsVisible = 0;
			defaultConfigurationName = Release;
		};
		EEA6DEA2237869D600C06B15 /* Build configuration list for PBXNativeTarget "Landmarks" */ = {
			isa = XCConfigurationList;
			buildConfigurations = (
				EEA6DEA3237869D600C06B15 /* Debug */,
				EEA6DEA4237869D600C06B15 /* Release */,
			);
			defaultConfigurationIsVisible = 0;
			defaultConfigurationName = Release;
		};
/* End XCConfigurationList section */
	};
	rootObject = EEA6DE86237869D400C06B15 /* Project object */;
}
